
Microsoft Visual Studio Solution File, Format Version 12.00
# Visual Studio Version 16
VisualStudioVersion = 16.0.29123.89
MinimumVisualStudioVersion = 10.0.40219.1
Project("{9A19103F-16F7-4668-BE54-9A1E7A4F7556}") = "DotnetCoreWebServers", "DotnetCoreWebServers\DotnetCoreWebServers.csproj", "{C89066C5-961A-4A3A-981C-284D017B2D87}"
EndProject
Project("{9A19103F-16F7-4668-BE54-9A1E7A4F7556}") = "DotnetCoreHttpSys", "DotnetCoreHttpSys\DotnetCoreHttpSys.csproj", "{ABC2B862-3FD1-4A64-8277-BE15A87B9EA4}"
EndProject
Project("{FAE04EC0-301F-11D3-BF4B-00C04F79EFBC}") = "DotnetCoreStartupFilter", "DotnetCoreStartupFilter\DotnetCoreStartupFilter.csproj", "{2BD25875-4FA2-465F-AC74-A1A68B04545A}"
EndProject
Global
	GlobalSection(SolutionConfigurationPlatforms) = preSolution
		Debug|Any CPU = Debug|Any CPU
		Release|Any CPU = Release|Any CPU
	EndGlobalSection
	GlobalSection(ProjectConfigurationPlatforms) = postSolution
		{C89066C5-961A-4A3A-981C-284D017B2D87}.Debug|Any CPU.ActiveCfg = Debug|Any CPU
		{C89066C5-961A-4A3A-981C-284D017B2D87}.Debug|Any CPU.Build.0 = Debug|Any CPU
		{C89066C5-961A-4A3A-981C-284D017B2D87}.Release|Any CPU.ActiveCfg = Release|Any CPU
		{C89066C5-961A-4A3A-981C-284D017B2D87}.Release|Any CPU.Build.0 = Release|Any CPU
		{ABC2B862-3FD1-4A64-8277-BE15A87B9EA4}.Debug|Any CPU.ActiveCfg = Debug|Any CPU
		{ABC2B862-3FD1-4A64-8277-BE15A87B9EA4}.Debug|Any CPU.Build.0 = Debug|Any CPU
		{ABC2B862-3FD1-4A64-8277-BE15A87B9EA4}.Release|Any CPU.ActiveCfg = Release|Any CPU
		{ABC2B862-3FD1-4A64-8277-BE15A87B9EA4}.Release|Any CPU.Build.0 = Release|Any CPU
		{2BD25875-4FA2-465F-AC74-A1A68B04545A}.Debug|Any CPU.ActiveCfg = Debug|Any CPU
		{2BD25875-4FA2-465F-AC74-A1A68B04545A}.Debug|Any CPU.Build.0 = Debug|Any CPU
		{2BD25875-4FA2-465F-AC74-A1A68B04545A}.Release|Any CPU.ActiveCfg = Release|Any CPU
		{2BD25875-4FA2-465F-AC74-A1A68B04545A}.Release|Any CPU.Build.0 = Release|Any CPU
	EndGlobalSection
	GlobalSection(SolutionProperties) = preSolution
		HideSolutionNode = FALSE
	EndGlobalSection
	GlobalSection(ExtensibilityGlobals) = postSolution
		SolutionGuid = {F7AFC582-AC5F-49C6-981E-360BE76034B6}
	EndGlobalSection
EndGlobal
